{
  "object": {
    "pins": [
      {
        "package": "CommonSwift",
        "repositoryURL": "https://github.com/psksvp/CommonSwift",
        "state": {
          "branch": "master",
          "revision": "15975ae87f283697c46770706b5c9895de182c2c",
          "version": null
        }
      },
      {
        "package": "Highlighter",
        "repositoryURL": "https://github.com/psksvp/Highlighter",
        "state": {
          "branch": "master",
          "revision": "4c43a3afcf6c05cf7ee537afebf93b028355cfe3",
          "version": null
        }
      }
    ]
  },
  "version": 1
}
