{
  "object": {
    "pins": [
      {
        "package": "CommonSwift",
        "repositoryURL": "https://github.com/psksvp/CommonSwift",
        "state": {
          "branch": "master",
          "revision": "d441aca8d78549c7444696feb25d3909a80d7c58",
          "version": null
        }
      },
      {
        "package": "Highlighter",
        "repositoryURL": "https://github.com/psksvp/Highlighter",
        "state": {
          "branch": "master",
          "revision": "4c43a3afcf6c05cf7ee537afebf93b028355cfe3",
          "version": null
        }
      }
    ]
  },
  "version": 1
}
